
Microsoft Visual Studio Solution File, Format Version 12.00
# Visual Studio Version 17
VisualStudioVersion = 17.6.33829.357
MinimumVisualStudioVersion = 10.0.40219.1
Project("{FAE04EC0-301F-11D3-BF4B-00C04F79EFBC}") = "Ejercicio11", "Ejercicio11\Ejercicio11.csproj", "{159358FA-559A-4FC4-8585-181B11226B52}"
EndProject
Global
	GlobalSection(SolutionConfigurationPlatforms) = preSolution
		Debug|Any CPU = Debug|Any CPU
		Release|Any CPU = Release|Any CPU
	EndGlobalSection
	GlobalSection(ProjectConfigurationPlatforms) = postSolution
		{159358FA-559A-4FC4-8585-181B11226B52}.Debug|Any CPU.ActiveCfg = Debug|Any CPU
		{159358FA-559A-4FC4-8585-181B11226B52}.Debug|Any CPU.Build.0 = Debug|Any CPU
		{159358FA-559A-4FC4-8585-181B11226B52}.Release|Any CPU.ActiveCfg = Release|Any CPU
		{159358FA-559A-4FC4-8585-181B11226B52}.Release|Any CPU.Build.0 = Release|Any CPU
	EndGlobalSection
	GlobalSection(SolutionProperties) = preSolution
		HideSolutionNode = FALSE
	EndGlobalSection
	GlobalSection(ExtensibilityGlobals) = postSolution
		SolutionGuid = {67753613-FC2F-4C35-A16F-891B3915E2DF}
	EndGlobalSection
EndGlobal
