
Microsoft Visual Studio Solution File, Format Version 12.00
# Visual Studio Version 17
VisualStudioVersion = 17.6.33829.357
MinimumVisualStudioVersion = 10.0.40219.1
Project("{FAE04EC0-301F-11D3-BF4B-00C04F79EFBC}") = "Ejercicio05", "Ejercicio05\Ejercicio05.csproj", "{80DBB0CF-AD47-4F31-9F65-6A2446853C12}"
EndProject
Global
	GlobalSection(SolutionConfigurationPlatforms) = preSolution
		Debug|Any CPU = Debug|Any CPU
		Release|Any CPU = Release|Any CPU
	EndGlobalSection
	GlobalSection(ProjectConfigurationPlatforms) = postSolution
		{80DBB0CF-AD47-4F31-9F65-6A2446853C12}.Debug|Any CPU.ActiveCfg = Debug|Any CPU
		{80DBB0CF-AD47-4F31-9F65-6A2446853C12}.Debug|Any CPU.Build.0 = Debug|Any CPU
		{80DBB0CF-AD47-4F31-9F65-6A2446853C12}.Release|Any CPU.ActiveCfg = Release|Any CPU
		{80DBB0CF-AD47-4F31-9F65-6A2446853C12}.Release|Any CPU.Build.0 = Release|Any CPU
	EndGlobalSection
	GlobalSection(SolutionProperties) = preSolution
		HideSolutionNode = FALSE
	EndGlobalSection
	GlobalSection(ExtensibilityGlobals) = postSolution
		SolutionGuid = {85EDF1B4-54CF-4BF3-9A4A-7266989FCC4D}
	EndGlobalSection
EndGlobal
