
Microsoft Visual Studio Solution File, Format Version 12.00
# Visual Studio Version 17
VisualStudioVersion = 17.6.33829.357
MinimumVisualStudioVersion = 10.0.40219.1
Project("{FAE04EC0-301F-11D3-BF4B-00C04F79EFBC}") = "Ejercicio09", "Ejercicio09\Ejercicio09.csproj", "{B8EF8782-9EFA-49DE-8916-7D1B38583621}"
EndProject
Global
	GlobalSection(SolutionConfigurationPlatforms) = preSolution
		Debug|Any CPU = Debug|Any CPU
		Release|Any CPU = Release|Any CPU
	EndGlobalSection
	GlobalSection(ProjectConfigurationPlatforms) = postSolution
		{B8EF8782-9EFA-49DE-8916-7D1B38583621}.Debug|Any CPU.ActiveCfg = Debug|Any CPU
		{B8EF8782-9EFA-49DE-8916-7D1B38583621}.Debug|Any CPU.Build.0 = Debug|Any CPU
		{B8EF8782-9EFA-49DE-8916-7D1B38583621}.Release|Any CPU.ActiveCfg = Release|Any CPU
		{B8EF8782-9EFA-49DE-8916-7D1B38583621}.Release|Any CPU.Build.0 = Release|Any CPU
	EndGlobalSection
	GlobalSection(SolutionProperties) = preSolution
		HideSolutionNode = FALSE
	EndGlobalSection
	GlobalSection(ExtensibilityGlobals) = postSolution
		SolutionGuid = {F88169D1-89CA-4A1E-A902-EE3CA2B178BF}
	EndGlobalSection
EndGlobal
